
Microsoft Visual Studio Solution File, Format Version 12.00
# Visual Studio Version 17
VisualStudioVersion = 17.2.32427.441
MinimumVisualStudioVersion = 10.0.40219.1
Project("{FAE04EC0-301F-11D3-BF4B-00C04F79EFBC}") = "Consumer", "Consumer\Consumer.csproj", "{49CCCC6E-A36C-4784-A8A6-CE7CB8F155F9}"
EndProject
Global
	GlobalSection(SolutionConfigurationPlatforms) = preSolution
		Debug|Any CPU = Debug|Any CPU
		Release|Any CPU = Release|Any CPU
	EndGlobalSection
	GlobalSection(ProjectConfigurationPlatforms) = postSolution
		{49CCCC6E-A36C-4784-A8A6-CE7CB8F155F9}.Debug|Any CPU.ActiveCfg = Debug|Any CPU
		{49CCCC6E-A36C-4784-A8A6-CE7CB8F155F9}.Debug|Any CPU.Build.0 = Debug|Any CPU
		{49CCCC6E-A36C-4784-A8A6-CE7CB8F155F9}.Release|Any CPU.ActiveCfg = Release|Any CPU
		{49CCCC6E-A36C-4784-A8A6-CE7CB8F155F9}.Release|Any CPU.Build.0 = Release|Any CPU
	EndGlobalSection
	GlobalSection(SolutionProperties) = preSolution
		HideSolutionNode = FALSE
	EndGlobalSection
	GlobalSection(ExtensibilityGlobals) = postSolution
		SolutionGuid = {05530124-7D6A-4BA1-B957-A79FB0F33EAF}
	EndGlobalSection
EndGlobal
